
Microsoft Visual Studio Solution File, Format Version 12.00
# Visual Studio Version 16
VisualStudioVersion = 16.0.29613.14
MinimumVisualStudioVersion = 10.0.40219.1
Project("{FAE04EC0-301F-11D3-BF4B-00C04F79EFBC}") = "app.Android", "app\app.Android\app.Android.csproj", "{50012C47-01AF-4A7F-914F-0564A1F1FB4E}"
EndProject
Project("{FAE04EC0-301F-11D3-BF4B-00C04F79EFBC}") = "app.iOS", "app\app.iOS\app.iOS.csproj", "{CACA5442-69F9-4703-9484-06222598292A}"
EndProject
Project("{FAE04EC0-301F-11D3-BF4B-00C04F79EFBC}") = "app", "app\app\app.csproj", "{10173C7D-8F82-4D0E-9920-6F8F0CDCF18D}"
EndProject
Global
	GlobalSection(SolutionConfigurationPlatforms) = preSolution
		Debug|Any CPU = Debug|Any CPU
		Debug|iPhone = Debug|iPhone
		Debug|iPhoneSimulator = Debug|iPhoneSimulator
		Release|Any CPU = Release|Any CPU
		Release|iPhone = Release|iPhone
		Release|iPhoneSimulator = Release|iPhoneSimulator
	EndGlobalSection
	GlobalSection(ProjectConfigurationPlatforms) = postSolution
		{50012C47-01AF-4A7F-914F-0564A1F1FB4E}.Debug|Any CPU.ActiveCfg = Debug|Any CPU
		{50012C47-01AF-4A7F-914F-0564A1F1FB4E}.Debug|Any CPU.Build.0 = Debug|Any CPU
		{50012C47-01AF-4A7F-914F-0564A1F1FB4E}.Debug|Any CPU.Deploy.0 = Debug|Any CPU
		{50012C47-01AF-4A7F-914F-0564A1F1FB4E}.Debug|iPhone.ActiveCfg = Debug|Any CPU
		{50012C47-01AF-4A7F-914F-0564A1F1FB4E}.Debug|iPhone.Build.0 = Debug|Any CPU
		{50012C47-01AF-4A7F-914F-0564A1F1FB4E}.Debug|iPhone.Deploy.0 = Debug|Any CPU
		{50012C47-01AF-4A7F-914F-0564A1F1FB4E}.Debug|iPhoneSimulator.ActiveCfg = Debug|Any CPU
		{50012C47-01AF-4A7F-914F-0564A1F1FB4E}.Debug|iPhoneSimulator.Build.0 = Debug|Any CPU
		{50012C47-01AF-4A7F-914F-0564A1F1FB4E}.Debug|iPhoneSimulator.Deploy.0 = Debug|Any CPU
		{50012C47-01AF-4A7F-914F-0564A1F1FB4E}.Release|Any CPU.ActiveCfg = Release|Any CPU
		{50012C47-01AF-4A7F-914F-0564A1F1FB4E}.Release|Any CPU.Build.0 = Release|Any CPU
		{50012C47-01AF-4A7F-914F-0564A1F1FB4E}.Release|Any CPU.Deploy.0 = Release|Any CPU
		{50012C47-01AF-4A7F-914F-0564A1F1FB4E}.Release|iPhone.ActiveCfg = Release|Any CPU
		{50012C47-01AF-4A7F-914F-0564A1F1FB4E}.Release|iPhone.Build.0 = Release|Any CPU
		{50012C47-01AF-4A7F-914F-0564A1F1FB4E}.Release|iPhone.Deploy.0 = Release|Any CPU
		{50012C47-01AF-4A7F-914F-0564A1F1FB4E}.Release|iPhoneSimulator.ActiveCfg = Release|Any CPU
		{50012C47-01AF-4A7F-914F-0564A1F1FB4E}.Release|iPhoneSimulator.Build.0 = Release|Any CPU
		{50012C47-01AF-4A7F-914F-0564A1F1FB4E}.Release|iPhoneSimulator.Deploy.0 = Release|Any CPU
		{CACA5442-69F9-4703-9484-06222598292A}.Debug|Any CPU.ActiveCfg = Debug|iPhone
		{CACA5442-69F9-4703-9484-06222598292A}.Debug|iPhone.ActiveCfg = Debug|iPhone
		{CACA5442-69F9-4703-9484-06222598292A}.Debug|iPhone.Build.0 = Debug|iPhone
		{CACA5442-69F9-4703-9484-06222598292A}.Debug|iPhoneSimulator.ActiveCfg = Debug|iPhoneSimulator
		{CACA5442-69F9-4703-9484-06222598292A}.Debug|iPhoneSimulator.Build.0 = Debug|iPhoneSimulator
		{CACA5442-69F9-4703-9484-06222598292A}.Release|Any CPU.ActiveCfg = Release|iPhone
		{CACA5442-69F9-4703-9484-06222598292A}.Release|iPhone.ActiveCfg = Release|iPhone
		{CACA5442-69F9-4703-9484-06222598292A}.Release|iPhone.Build.0 = Release|iPhone
		{CACA5442-69F9-4703-9484-06222598292A}.Release|iPhoneSimulator.ActiveCfg = Release|iPhoneSimulator
		{CACA5442-69F9-4703-9484-06222598292A}.Release|iPhoneSimulator.Build.0 = Release|iPhoneSimulator
		{10173C7D-8F82-4D0E-9920-6F8F0CDCF18D}.Debug|Any CPU.ActiveCfg = Debug|Any CPU
		{10173C7D-8F82-4D0E-9920-6F8F0CDCF18D}.Debug|Any CPU.Build.0 = Debug|Any CPU
		{10173C7D-8F82-4D0E-9920-6F8F0CDCF18D}.Debug|iPhone.ActiveCfg = Debug|Any CPU
		{10173C7D-8F82-4D0E-9920-6F8F0CDCF18D}.Debug|iPhone.Build.0 = Debug|Any CPU
		{10173C7D-8F82-4D0E-9920-6F8F0CDCF18D}.Debug|iPhoneSimulator.ActiveCfg = Debug|Any CPU
		{10173C7D-8F82-4D0E-9920-6F8F0CDCF18D}.Debug|iPhoneSimulator.Build.0 = Debug|Any CPU
		{10173C7D-8F82-4D0E-9920-6F8F0CDCF18D}.Release|Any CPU.ActiveCfg = Release|Any CPU
		{10173C7D-8F82-4D0E-9920-6F8F0CDCF18D}.Release|Any CPU.Build.0 = Release|Any CPU
		{10173C7D-8F82-4D0E-9920-6F8F0CDCF18D}.Release|iPhone.ActiveCfg = Release|Any CPU
		{10173C7D-8F82-4D0E-9920-6F8F0CDCF18D}.Release|iPhone.Build.0 = Release|Any CPU
		{10173C7D-8F82-4D0E-9920-6F8F0CDCF18D}.Release|iPhoneSimulator.ActiveCfg = Release|Any CPU
		{10173C7D-8F82-4D0E-9920-6F8F0CDCF18D}.Release|iPhoneSimulator.Build.0 = Release|Any CPU
	EndGlobalSection
	GlobalSection(SolutionProperties) = preSolution
		HideSolutionNode = FALSE
	EndGlobalSection
	GlobalSection(ExtensibilityGlobals) = postSolution
		SolutionGuid = {93FD435D-728C-4448-931D-ADCA4E511621}
	EndGlobalSection
EndGlobal
